// !$*UTF8*$!
{
	archiveVersion = 1;
	classes = {
	};
	objectVersion = 50;
	objects = {

/* Begin PBXBuildFile section */
		9550BC78784C90717AA6558F /* Pods_Komplettappen.framework in Frameworks */ = {isa = PBXBuildFile; fileRef = FDFB65F52BC18D0CFAAB894C /* Pods_Komplettappen.framework */; };
		AB475B35256FCE0F0024FE0F /* KomplettappenApp.swift in Sources */ = {isa = PBXBuildFile; fileRef = AB475B34256FCE0F0024FE0F /* KomplettappenApp.swift */; };
		AB475B37256FCE0F0024FE0F /* ContentView.swift in Sources */ = {isa = PBXBuildFile; fileRef = AB475B36256FCE0F0024FE0F /* ContentView.swift */; };
		AB475B39256FCE100024FE0F /* Assets.xcassets in Resources */ = {isa = PBXBuildFile; fileRef = AB475B38256FCE100024FE0F /* Assets.xcassets */; };
		AB475B3C256FCE100024FE0F /* Preview Assets.xcassets in Resources */ = {isa = PBXBuildFile; fileRef = AB475B3B256FCE100024FE0F /* Preview Assets.xcassets */; };
		AB475BAE257512580024FE0F /* GoogleService-Info.plist in Resources */ = {isa = PBXBuildFile; fileRef = AB475BAD257512580024FE0F /* GoogleService-Info.plist */; };
/* End PBXBuildFile section */

/* Begin PBXFileReference section */
		28C030D2A1830107AA73D353 /* Pods-Komplettappen.debug.xcconfig */ = {isa = PBXFileReference; includeInIndex = 1; lastKnownFileType = text.xcconfig; name = "Pods-Komplettappen.debug.xcconfig"; path = "Target Support Files/Pods-Komplettappen/Pods-Komplettappen.debug.xcconfig"; sourceTree = "<group>"; };
		AB475B31256FCE0F0024FE0F /* Komplettappen.app */ = {isa = PBXFileReference; explicitFileType = wrapper.application; includeInIndex = 0; path = Komplettappen.app; sourceTree = BUILT_PRODUCTS_DIR; };
		AB475B34256FCE0F0024FE0F /* KomplettappenApp.swift */ = {isa = PBXFileReference; lastKnownFileType = sourcecode.swift; path = KomplettappenApp.swift; sourceTree = "<group>"; };
		AB475B36256FCE0F0024FE0F /* ContentView.swift */ = {isa = PBXFileReference; lastKnownFileType = sourcecode.swift; path = ContentView.swift; sourceTree = "<group>"; };
		AB475B38256FCE100024FE0F /* Assets.xcassets */ = {isa = PBXFileReference; lastKnownFileType = folder.assetcatalog; path = Assets.xcassets; sourceTree = "<group>"; };
		AB475B3B256FCE100024FE0F /* Preview Assets.xcassets */ = {isa = PBXFileReference; lastKnownFileType = folder.assetcatalog; path = "Preview Assets.xcassets"; sourceTree = "<group>"; };
		AB475B3D256FCE100024FE0F /* Info.plist */ = {isa = PBXFileReference; lastKnownFileType = text.plist.xml; path = Info.plist; sourceTree = "<group>"; };
		AB475B44256FCE5B0024FE0F /* TODO.md */ = {isa = PBXFileReference; lastKnownFileType = net.daringfireball.markdown; path = TODO.md; sourceTree = "<group>"; };
		AB475BAD257512580024FE0F /* GoogleService-Info.plist */ = {isa = PBXFileReference; fileEncoding = 4; lastKnownFileType = text.plist.xml; path = "GoogleService-Info.plist"; sourceTree = "<group>"; };
		EED491A3753447F4279152F6 /* Pods-Komplettappen.release.xcconfig */ = {isa = PBXFileReference; includeInIndex = 1; lastKnownFileType = text.xcconfig; name = "Pods-Komplettappen.release.xcconfig"; path = "Target Support Files/Pods-Komplettappen/Pods-Komplettappen.release.xcconfig"; sourceTree = "<group>"; };
		FDFB65F52BC18D0CFAAB894C /* Pods_Komplettappen.framework */ = {isa = PBXFileReference; explicitFileType = wrapper.framework; includeInIndex = 0; path = Pods_Komplettappen.framework; sourceTree = BUILT_PRODUCTS_DIR; };
/* End PBXFileReference section */

/* Begin PBXFrameworksBuildPhase section */
		AB475B2E256FCE0F0024FE0F /* Frameworks */ = {
			isa = PBXFrameworksBuildPhase;
			buildActionMask = 2147483647;
			files = (
				9550BC78784C90717AA6558F /* Pods_Komplettappen.framework in Frameworks */,
			);
			runOnlyForDeploymentPostprocessing = 0;
		};
/* End PBXFrameworksBuildPhase section */

/* Begin PBXGroup section */
		51FD6D514875692226EE5CBB /* Frameworks */ = {
			isa = PBXGroup;
			children = (
				FDFB65F52BC18D0CFAAB894C /* Pods_Komplettappen.framework */,
			);
			name = Frameworks;
			sourceTree = "<group>";
		};
		AB475B28256FCE0F0024FE0F = {
			isa = PBXGroup;
			children = (
				AB475B33256FCE0F0024FE0F /* Komplettappen */,
				AB475B32256FCE0F0024FE0F /* Products */,
				C797264A131FBCA1123FF433 /* Pods */,
				51FD6D514875692226EE5CBB /* Frameworks */,
			);
			sourceTree = "<group>";
		};
		AB475B32256FCE0F0024FE0F /* Products */ = {
			isa = PBXGroup;
			children = (
				AB475B31256FCE0F0024FE0F /* Komplettappen.app */,
			);
			name = Products;
			sourceTree = "<group>";
		};
		AB475B33256FCE0F0024FE0F /* Komplettappen */ = {
			isa = PBXGroup;
			children = (
				AB475BAD257512580024FE0F /* GoogleService-Info.plist */,
				AB475B34256FCE0F0024FE0F /* KomplettappenApp.swift */,
				AB475B36256FCE0F0024FE0F /* ContentView.swift */,
				AB475B44256FCE5B0024FE0F /* TODO.md */,
				AB475B38256FCE100024FE0F /* Assets.xcassets */,
				AB475B3D256FCE100024FE0F /* Info.plist */,
				AB475B3A256FCE100024FE0F /* Preview Content */,
			);
			path = Komplettappen;
			sourceTree = "<group>";
		};
		AB475B3A256FCE100024FE0F /* Preview Content */ = {
			isa = PBXGroup;
			children = (
				AB475B3B256FCE100024FE0F /* Preview Assets.xcassets */,
			);
			path = "Preview Content";
			sourceTree = "<group>";
		};
		C797264A131FBCA1123FF433 /* Pods */ = {
			isa = PBXGroup;
			children = (
				28C030D2A1830107AA73D353 /* Pods-Komplettappen.debug.xcconfig */,
				EED491A3753447F4279152F6 /* Pods-Komplettappen.release.xcconfig */,
			);
			name = Pods;
			path = Pods;
			sourceTree = "<group>";
		};
/* End PBXGroup section */

/* Begin PBXNativeTarget section */
		AB475B30256FCE0F0024FE0F /* Komplettappen */ = {
			isa = PBXNativeTarget;
			buildConfigurationList = AB475B40256FCE100024FE0F /* Build configuration list for PBXNativeTarget "Komplettappen" */;
			buildPhases = (
				2B24CD351296D7F90240D7A8 /* [CP] Check Pods Manifest.lock */,
				AB475B2D256FCE0F0024FE0F /* Sources */,
				AB475B2E256FCE0F0024FE0F /* Frameworks */,
				AB475B2F256FCE0F0024FE0F /* Resources */,
				9E753E70803BF17A15EE4D66 /* [CP] Embed Pods Frameworks */,
			);
			buildRules = (
			);
			dependencies = (
			);
			name = Komplettappen;
			productName = Komplettappen;
			productReference = AB475B31256FCE0F0024FE0F /* Komplettappen.app */;
			productType = "com.apple.product-type.application";
		};
/* End PBXNativeTarget section */

/* Begin PBXProject section */
		AB475B29256FCE0F0024FE0F /* Project object */ = {
			isa = PBXProject;
			attributes = {
				LastSwiftUpdateCheck = 1220;
				LastUpgradeCheck = 1220;
				TargetAttributes = {
					AB475B30256FCE0F0024FE0F = {
						CreatedOnToolsVersion = 12.2;
					};
				};
			};
			buildConfigurationList = AB475B2C256FCE0F0024FE0F /* Build configuration list for PBXProject "Komplettappen" */;
			compatibilityVersion = "Xcode 9.3";
			developmentRegion = en;
			hasScannedForEncodings = 0;
			knownRegions = (
				en,
				Base,
			);
			mainGroup = AB475B28256FCE0F0024FE0F;
			productRefGroup = AB475B32256FCE0F0024FE0F /* Products */;
			projectDirPath = "";
			projectRoot = "";
			targets = (
				AB475B30256FCE0F0024FE0F /* Komplettappen */,
			);
		};
/* End PBXProject section */

/* Begin PBXResourcesBuildPhase section */
		AB475B2F256FCE0F0024FE0F /* Resources */ = {
			isa = PBXResourcesBuildPhase;
			buildActionMask = 2147483647;
			files = (
				AB475B3C256FCE100024FE0F /* Preview Assets.xcassets in Resources */,
				AB475B39256FCE100024FE0F /* Assets.xcassets in Resources */,
				AB475BAE257512580024FE0F /* GoogleService-Info.plist in Resources */,
			);
			runOnlyForDeploymentPostprocessing = 0;
		};
/* End PBXResourcesBuildPhase section */

/* Begin PBXShellScriptBuildPhase section */
		2B24CD351296D7F90240D7A8 /* [CP] Check Pods Manifest.lock */ = {
			isa = PBXShellScriptBuildPhase;
			buildActionMask = 2147483647;
			files = (
			);
			inputFileListPaths = (
			);
			inputPaths = (
				"${PODS_PODFILE_DIR_PATH}/Podfile.lock",
				"${PODS_ROOT}/Manifest.lock",
			);
			name = "[CP] Check Pods Manifest.lock";
			outputFileListPaths = (
			);
			outputPaths = (
				"$(DERIVED_FILE_DIR)/Pods-Komplettappen-checkManifestLockResult.txt",
			);
			runOnlyForDeploymentPostprocessing = 0;
			shellPath = /bin/sh;
			shellScript = "diff \"${PODS_PODFILE_DIR_PATH}/Podfile.lock\" \"${PODS_ROOT}/Manifest.lock\" > /dev/null\nif [ $? != 0 ] ; then\n    # print error to STDERR\n    echo \"error: The sandbox is not in sync with the Podfile.lock. Run 'pod install' or update your CocoaPods installation.\" >&2\n    exit 1\nfi\n# This output is used by Xcode 'outputs' to avoid re-running this script phase.\necho \"SUCCESS\" > \"${SCRIPT_OUTPUT_FILE_0}\"\n";
			showEnvVarsInLog = 0;
		};
		9E753E70803BF17A15EE4D66 /* [CP] Embed Pods Frameworks */ = {
			isa = PBXShellScriptBuildPhase;
			buildActionMask = 2147483647;
			files = (
			);
			inputFileListPaths = (
				"${PODS_ROOT}/Target Support Files/Pods-Komplettappen/Pods-Komplettappen-frameworks-${CONFIGURATION}-input-files.xcfilelist",
			);
			name = "[CP] Embed Pods Frameworks";
			outputFileListPaths = (
				"${PODS_ROOT}/Target Support Files/Pods-Komplettappen/Pods-Komplettappen-frameworks-${CONFIGURATION}-output-files.xcfilelist",
			);
			runOnlyForDeploymentPostprocessing = 0;
			shellPath = /bin/sh;
			shellScript = "\"${PODS_ROOT}/Target Support Files/Pods-Komplettappen/Pods-Komplettappen-frameworks.sh\"\n";
			showEnvVarsInLog = 0;
		};
/* End PBXShellScriptBuildPhase section */

/* Begin PBXSourcesBuildPhase section */
		AB475B2D256FCE0F0024FE0F /* Sources */ = {
			isa = PBXSourcesBuildPhase;
			buildActionMask = 2147483647;
			files = (
				AB475B37256FCE0F0024FE0F /* ContentView.swift in Sources */,
				AB475B35256FCE0F0024FE0F /* KomplettappenApp.swift in Sources */,
			);
			runOnlyForDeploymentPostprocessing = 0;
		};
/* End PBXSourcesBuildPhase section */

/* Begin XCBuildConfiguration section */
		AB475B3E256FCE100024FE0F /* Debug */ = {
			isa = XCBuildConfiguration;
			buildSettings = {
				ALWAYS_SEARCH_USER_PATHS = NO;
				CLANG_ANALYZER_NONNULL = YES;
				CLANG_ANALYZER_NUMBER_OBJECT_CONVERSION = YES_AGGRESSIVE;
				CLANG_CXX_LANGUAGE_STANDARD = "gnu++14";
				CLANG_CXX_LIBRARY = "libc++";
				CLANG_ENABLE_MODULES = YES;
				CLANG_ENABLE_OBJC_ARC = YES;
				CLANG_ENABLE_OBJC_WEAK = YES;
				CLANG_WARN_BLOCK_CAPTURE_AUTORELEASING = YES;
				CLANG_WARN_BOOL_CONVERSION = YES;
				CLANG_WARN_COMMA = YES;
				CLANG_WARN_CONSTANT_CONVERSION = YES;
				CLANG_WARN_DEPRECATED_OBJC_IMPLEMENTATIONS = YES;
				CLANG_WARN_DIRECT_OBJC_ISA_USAGE = YES_ERROR;
				CLANG_WARN_DOCUMENTATION_COMMENTS = YES;
				CLANG_WARN_EMPTY_BODY = YES;
				CLANG_WARN_ENUM_CONVERSION = YES;
				CLANG_WARN_INFINITE_RECURSION = YES;
				CLANG_WARN_INT_CONVERSION = YES;
				CLANG_WARN_NON_LITERAL_NULL_CONVERSION = YES;
				CLANG_WARN_OBJC_IMPLICIT_RETAIN_SELF = YES;
				CLANG_WARN_OBJC_LITERAL_CONVERSION = YES;
				CLANG_WARN_OBJC_ROOT_CLASS = YES_ERROR;
				CLANG_WARN_QUOTED_INCLUDE_IN_FRAMEWORK_HEADER = YES;
				CLANG_WARN_RANGE_LOOP_ANALYSIS = YES;
				CLANG_WARN_STRICT_PROTOTYPES = YES;
				CLANG_WARN_SUSPICIOUS_MOVE = YES;
				CLANG_WARN_UNGUARDED_AVAILABILITY = YES_AGGRESSIVE;
				CLANG_WARN_UNREACHABLE_CODE = YES;
				CLANG_WARN__DUPLICATE_METHOD_MATCH = YES;
				COPY_PHASE_STRIP = NO;
				DEBUG_INFORMATION_FORMAT = dwarf;
				ENABLE_STRICT_OBJC_MSGSEND = YES;
				ENABLE_TESTABILITY = YES;
				GCC_C_LANGUAGE_STANDARD = gnu11;
				GCC_DYNAMIC_NO_PIC = NO;
				GCC_NO_COMMON_BLOCKS = YES;
				GCC_OPTIMIZATION_LEVEL = 0;
				GCC_PREPROCESSOR_DEFINITIONS = (
					"DEBUG=1",
					"$(inherited)",
				);
				GCC_WARN_64_TO_32_BIT_CONVERSION = YES;
				GCC_WARN_ABOUT_RETURN_TYPE = YES_ERROR;
				GCC_WARN_UNDECLARED_SELECTOR = YES;
				GCC_WARN_UNINITIALIZED_AUTOS = YES_AGGRESSIVE;
				GCC_WARN_UNUSED_FUNCTION = YES;
				GCC_WARN_UNUSED_VARIABLE = YES;
				IPHONEOS_DEPLOYMENT_TARGET = 14.2;
				MTL_ENABLE_DEBUG_INFO = INCLUDE_SOURCE;
				MTL_FAST_MATH = YES;
				ONLY_ACTIVE_ARCH = YES;
				SDKROOT = iphoneos;
				SWIFT_ACTIVE_COMPILATION_CONDITIONS = DEBUG;
				SWIFT_OPTIMIZATION_LEVEL = "-Onone";
			};
			name = Debug;
		};
		AB475B3F256FCE100024FE0F /* Release */ = {
			isa = XCBuildConfiguration;
			buildSettings = {
				ALWAYS_SEARCH_USER_PATHS = NO;
				CLANG_ANALYZER_NONNULL = YES;
				CLANG_ANALYZER_NUMBER_OBJECT_CONVERSION = YES_AGGRESSIVE;
				CLANG_CXX_LANGUAGE_STANDARD = "gnu++14";
				CLANG_CXX_LIBRARY = "libc++";
				CLANG_ENABLE_MODULES = YES;
				CLANG_ENABLE_OBJC_ARC = YES;
				CLANG_ENABLE_OBJC_WEAK = YES;
				CLANG_WARN_BLOCK_CAPTURE_AUTORELEASING = YES;
				CLANG_WARN_BOOL_CONVERSION = YES;
				CLANG_WARN_COMMA = YES;
				CLANG_WARN_CONSTANT_CONVERSION = YES;
				CLANG_WARN_DEPRECATED_OBJC_IMPLEMENTATIONS = YES;
				CLANG_WARN_DIRECT_OBJC_ISA_USAGE = YES_ERROR;
				CLANG_WARN_DOCUMENTATION_COMMENTS = YES;
				CLANG_WARN_EMPTY_BODY = YES;
				CLANG_WARN_ENUM_CONVERSION = YES;
				CLANG_WARN_INFINITE_RECURSION = YES;
				CLANG_WARN_INT_CONVERSION = YES;
				CLANG_WARN_NON_LITERAL_NULL_CONVERSION = YES;
				CLANG_WARN_OBJC_IMPLICIT_RETAIN_SELF = YES;
				CLANG_WARN_OBJC_LITERAL_CONVERSION = YES;
				CLANG_WARN_OBJC_ROOT_CLASS = YES_ERROR;
				CLANG_WARN_QUOTED_INCLUDE_IN_FRAMEWORK_HEADER = YES;
				CLANG_WARN_RANGE_LOOP_ANALYSIS = YES;
				CLANG_WARN_STRICT_PROTOTYPES = YES;
				CLANG_WARN_SUSPICIOUS_MOVE = YES;
				CLANG_WARN_UNGUARDED_AVAILABILITY = YES_AGGRESSIVE;
				CLANG_WARN_UNREACHABLE_CODE = YES;
				CLANG_WARN__DUPLICATE_METHOD_MATCH = YES;
				COPY_PHASE_STRIP = NO;
				DEBUG_INFORMATION_FORMAT = "dwarf-with-dsym";
				ENABLE_NS_ASSERTIONS = NO;
				ENABLE_STRICT_OBJC_MSGSEND = YES;
				GCC_C_LANGUAGE_STANDARD = gnu11;
				GCC_NO_COMMON_BLOCKS = YES;
				GCC_WARN_64_TO_32_BIT_CONVERSION = YES;
				GCC_WARN_ABOUT_RETURN_TYPE = YES_ERROR;
				GCC_WARN_UNDECLARED_SELECTOR = YES;
				GCC_WARN_UNINITIALIZED_AUTOS = YES_AGGRESSIVE;
				GCC_WARN_UNUSED_FUNCTION = YES;
				GCC_WARN_UNUSED_VARIABLE = YES;
				IPHONEOS_DEPLOYMENT_TARGET = 14.2;
				MTL_ENABLE_DEBUG_INFO = NO;
				MTL_FAST_MATH = YES;
				SDKROOT = iphoneos;
				SWIFT_COMPILATION_MODE = wholemodule;
				SWIFT_OPTIMIZATION_LEVEL = "-O";
				VALIDATE_PRODUCT = YES;
			};
			name = Release;
		};
		AB475B41256FCE100024FE0F /* Debug */ = {
			isa = XCBuildConfiguration;
			baseConfigurationReference = 28C030D2A1830107AA73D353 /* Pods-Komplettappen.debug.xcconfig */;
			buildSettings = {
				ASSETCATALOG_COMPILER_APPICON_NAME = AppIcon;
				ASSETCATALOG_COMPILER_GLOBAL_ACCENT_COLOR_NAME = AccentColor;
				CODE_SIGN_STYLE = Automatic;
				DEVELOPMENT_ASSET_PATHS = "\"Komplettappen/Preview Content\"";
				ENABLE_PREVIEWS = YES;
				INFOPLIST_FILE = Komplettappen/Info.plist;
				IPHONEOS_DEPLOYMENT_TARGET = 14.0;
				LD_RUNPATH_SEARCH_PATHS = (
					"$(inherited)",
					"@executable_path/Frameworks",
				);
				PRODUCT_BUNDLE_IDENTIFIER = se.magictechnology.Komplettappen;
				PRODUCT_NAME = "$(TARGET_NAME)";
				SWIFT_VERSION = 5.0;
				TARGETED_DEVICE_FAMILY = "1,2";
			};
			name = Debug;
		};
		AB475B42256FCE100024FE0F /* Release */ = {
			isa = XCBuildConfiguration;
			baseConfigurationReference = EED491A3753447F4279152F6 /* Pods-Komplettappen.release.xcconfig */;
			buildSettings = {
				ASSETCATALOG_COMPILER_APPICON_NAME = AppIcon;
				ASSETCATALOG_COMPILER_GLOBAL_ACCENT_COLOR_NAME = AccentColor;
				CODE_SIGN_STYLE = Automatic;
				DEVELOPMENT_ASSET_PATHS = "\"Komplettappen/Preview Content\"";
				ENABLE_PREVIEWS = YES;
				INFOPLIST_FILE = Komplettappen/Info.plist;
				IPHONEOS_DEPLOYMENT_TARGET = 14.0;
				LD_RUNPATH_SEARCH_PATHS = (
					"$(inherited)",
					"@executable_path/Frameworks",
				);
				PRODUCT_BUNDLE_IDENTIFIER = se.magictechnology.Komplettappen;
				PRODUCT_NAME = "$(TARGET_NAME)";
				SWIFT_VERSION = 5.0;
				TARGETED_DEVICE_FAMILY = "1,2";
			};
			name = Release;
		};
/* End XCBuildConfiguration section */

/* Begin XCConfigurationList section */
		AB475B2C256FCE0F0024FE0F /* Build configuration list for PBXProject "Komplettappen" */ = {
			isa = XCConfigurationList;
			buildConfigurations = (
				AB475B3E256FCE100024FE0F /* Debug */,
				AB475B3F256FCE100024FE0F /* Release */,
			);
			defaultConfigurationIsVisible = 0;
			defaultConfigurationName = Release;
		};
		AB475B40256FCE100024FE0F /* Build configuration list for PBXNativeTarget "Komplettappen" */ = {
			isa = XCConfigurationList;
			buildConfigurations = (
				AB475B41256FCE100024FE0F /* Debug */,
				AB475B42256FCE100024FE0F /* Release */,
			);
			defaultConfigurationIsVisible = 0;
			defaultConfigurationName = Release;
		};
/* End XCConfigurationList section */
	};
	rootObject = AB475B29256FCE0F0024FE0F /* Project object */;
}
